{
  "lockfileVersion": 1,
  "configVersion": 1,
  "workspaces": {
    "": {
      "name": "vscode-nes",
      "dependencies": {
        "zod": "4.3.6",
      },
      "devDependencies": {
        "@biomejs/biome": "2.3.13",
        "@types/bun": "1.3.7",
        "@types/vscode": "1.108.1",
        "@typescript/native-preview": "7.0.0-dev.20260127.1",
      },
    },
  },
  "packages": {
    "@biomejs/biome": ["@biomejs/biome@2.3.13", "", { "optionalDependencies": { "@biomejs/cli-darwin-arm64": "2.3.13", "@biomejs/cli-darwin-x64": "2.3.13", "@biomejs/cli-linux-arm64": "2.3.13", "@biomejs/cli-linux-arm64-musl": "2.3.13", "@biomejs/cli-linux-x64": "2.3.13", "@biomejs/cli-linux-x64-musl": "2.3.13", "@biomejs/cli-win32-arm64": "2.3.13", "@biomejs/cli-win32-x64": "2.3.13" }, "bin": { "biome": "bin/biome" } }, "sha512-Fw7UsV0UAtWIBIm0M7g5CRerpu1eKyKAXIazzxhbXYUyMkwNrkX/KLkGI7b+uVDQ5cLUMfOC9vR60q9IDYDstA=="],

    "@biomejs/cli-darwin-arm64": ["@biomejs/cli-darwin-arm64@2.3.13", "", { "os": "darwin", "cpu": "arm64" }, "sha512-0OCwP0/BoKzyJHnFdaTk/i7hIP9JHH9oJJq6hrSCPmJPo8JWcJhprK4gQlhFzrwdTBAW4Bjt/RmCf3ZZe59gwQ=="],

    "@biomejs/cli-darwin-x64": ["@biomejs/cli-darwin-x64@2.3.13", "", { "os": "darwin", "cpu": "x64" }, "sha512-AGr8OoemT/ejynbIu56qeil2+F2WLkIjn2d8jGK1JkchxnMUhYOfnqc9sVzcRxpG9Ycvw4weQ5sprRvtb7Yhcw=="],

    "@biomejs/cli-linux-arm64": ["@biomejs/cli-linux-arm64@2.3.13", "", { "os": "linux", "cpu": "arm64" }, "sha512-xvOiFkrDNu607MPMBUQ6huHmBG1PZLOrqhtK6pXJW3GjfVqJg0Z/qpTdhXfcqWdSZHcT+Nct2fOgewZvytESkw=="],

    "@biomejs/cli-linux-arm64-musl": ["@biomejs/cli-linux-arm64-musl@2.3.13", "", { "os": "linux", "cpu": "arm64" }, "sha512-TUdDCSY+Eo/EHjhJz7P2GnWwfqet+lFxBZzGHldrvULr59AgahamLs/N85SC4+bdF86EhqDuuw9rYLvLFWWlXA=="],

    "@biomejs/cli-linux-x64": ["@biomejs/cli-linux-x64@2.3.13", "", { "os": "linux", "cpu": "x64" }, "sha512-s+YsZlgiXNq8XkgHs6xdvKDFOj/bwTEevqEY6rC2I3cBHbxXYU1LOZstH3Ffw9hE5tE1sqT7U23C00MzkXztMw=="],

    "@biomejs/cli-linux-x64-musl": ["@biomejs/cli-linux-x64-musl@2.3.13", "", { "os": "linux", "cpu": "x64" }, "sha512-0bdwFVSbbM//Sds6OjtnmQGp4eUjOTt6kHvR/1P0ieR9GcTUAlPNvPC3DiavTqq302W34Ae2T6u5VVNGuQtGlQ=="],

    "@biomejs/cli-win32-arm64": ["@biomejs/cli-win32-arm64@2.3.13", "", { "os": "win32", "cpu": "arm64" }, "sha512-QweDxY89fq0VvrxME+wS/BXKmqMrOTZlN9SqQ79kQSIc3FrEwvW/PvUegQF6XIVaekncDykB5dzPqjbwSKs9DA=="],

    "@biomejs/cli-win32-x64": ["@biomejs/cli-win32-x64@2.3.13", "", { "os": "win32", "cpu": "x64" }, "sha512-trDw2ogdM2lyav9WFQsdsfdVy1dvZALymRpgmWsvSez0BJzBjulhOT/t+wyKeh3pZWvwP3VMs1SoOKwO3wecMQ=="],

    "@types/bun": ["@types/bun@1.3.7", "", { "dependencies": { "bun-types": "1.3.7" } }, "sha512-lmNuMda+Z9b7tmhA0tohwy8ZWFSnmQm1UDWXtH5r9F7wZCfkeO3Jx7wKQ1EOiKq43yHts7ky6r8SDJQWRNupkA=="],

    "@types/node": ["@types/node@25.0.10", "", { "dependencies": { "undici-types": "~7.16.0" } }, "sha512-zWW5KPngR/yvakJgGOmZ5vTBemDoSqF3AcV/LrO5u5wTWyEAVVh+IT39G4gtyAkh3CtTZs8aX/yRM82OfzHJRg=="],

    "@types/vscode": ["@types/vscode@1.108.1", "", {}, "sha512-DerV0BbSzt87TbrqmZ7lRDIYaMiqvP8tmJTzW2p49ZBVtGUnGAu2RGQd1Wv4XMzEVUpaHbsemVM5nfuQJj7H6w=="],

    "@typescript/native-preview": ["@typescript/native-preview@7.0.0-dev.20260127.1", "", { "optionalDependencies": { "@typescript/native-preview-darwin-arm64": "7.0.0-dev.20260127.1", "@typescript/native-preview-darwin-x64": "7.0.0-dev.20260127.1", "@typescript/native-preview-linux-arm": "7.0.0-dev.20260127.1", "@typescript/native-preview-linux-arm64": "7.0.0-dev.20260127.1", "@typescript/native-preview-linux-x64": "7.0.0-dev.20260127.1", "@typescript/native-preview-win32-arm64": "7.0.0-dev.20260127.1", "@typescript/native-preview-win32-x64": "7.0.0-dev.20260127.1" }, "bin": { "tsgo": "bin/tsgo.js" } }, "sha512-Q/iBGhV0nhZEWlrIz+yJ86KsXszDI3eqjmLQhU7Bl250zBxvJ5VVcBFY4w1Dr4T4WV4QMqRgoEROceoxClK3Zg=="],

    "@typescript/native-preview-darwin-arm64": ["@typescript/native-preview-darwin-arm64@7.0.0-dev.20260127.1", "", { "os": "darwin", "cpu": "arm64" }, "sha512-GaO7AMualQCRG87LGcQ01q6fLOArIkhN+myg4h5sroKZmRc+/+2bsaMstHtrPqF5g+dvI67QNk9dJlNwbuoNNw=="],

    "@typescript/native-preview-darwin-x64": ["@typescript/native-preview-darwin-x64@7.0.0-dev.20260127.1", "", { "os": "darwin", "cpu": "x64" }, "sha512-OUaRelHcBYDBY/vL5U0+sQeTVVd/TX13Nzz1m5qTJxXk32dY2dRhnJ4mM5Me1zPPy4uJ5t0I3/lfMwDDVHPjEw=="],

    "@typescript/native-preview-linux-arm": ["@typescript/native-preview-linux-arm@7.0.0-dev.20260127.1", "", { "os": "linux", "cpu": "arm" }, "sha512-gfkIFgI+BE5rPZYrAw2jQQnBER6jYTj6jdxOuaGfpE8vVCPsvCoMmGMrvKFFB7vGSQkN3g+71deEnjq9yQMWTQ=="],

    "@typescript/native-preview-linux-arm64": ["@typescript/native-preview-linux-arm64@7.0.0-dev.20260127.1", "", { "os": "linux", "cpu": "arm64" }, "sha512-zevVW+PpIbkxXq5zje1rL6/CvY+Cgq3Mji4gUqcd64H8km0c5vvsFpRuYO9lxpj/uMCe3vf2IsDYVRopkA1nJQ=="],

    "@typescript/native-preview-linux-x64": ["@typescript/native-preview-linux-x64@7.0.0-dev.20260127.1", "", { "os": "linux", "cpu": "x64" }, "sha512-IlFQ/0LwUlRgkdBgpzNT4qkOFAd8DEc14WAO0fMaRL8W1/VSPe9l2htEabLtGGZncXllt8EsDuxN5gI/Y9WZlw=="],

    "@typescript/native-preview-win32-arm64": ["@typescript/native-preview-win32-arm64@7.0.0-dev.20260127.1", "", { "os": "win32", "cpu": "arm64" }, "sha512-M3nhqhSyHFN51t8Xuvi7vrpzIvJzBscq4whp4Z6/Yx/4kPf8KRi2fV6rtIkvTio5s7VvCUeLEdivAiiVSRvkXg=="],

    "@typescript/native-preview-win32-x64": ["@typescript/native-preview-win32-x64@7.0.0-dev.20260127.1", "", { "os": "win32", "cpu": "x64" }, "sha512-o1Zd3JmBVxlr3R9Iw7OUQ/LgRyJwicekFQMN9Oc4x6A67J2dlGk7mU6U2OdV4sTg66nef5Ka+rFZ22+qQnRROg=="],

    "bun-types": ["bun-types@1.3.7", "", { "dependencies": { "@types/node": "*" } }, "sha512-qyschsA03Qz+gou+apt6HNl6HnI+sJJLL4wLDke4iugsE6584CMupOtTY1n+2YC9nGVrEKUlTs99jjRLKgWnjQ=="],

    "undici-types": ["undici-types@7.16.0", "", {}, "sha512-Zz+aZWSj8LE6zoxD+xrjh4VfkIG8Ya6LvYkZqtUQGJPZjYl53ypCaUwWqo7eI0x66KBGeRo+mlBEkMSeSZ38Nw=="],

    "zod": ["zod@4.3.6", "", {}, "sha512-rftlrkhHZOcjDwkGlnUtZZkvaPHCsDATp4pGpuOOMDaTdDDXF91wuVDJoWoPsKX/3YPQ5fHuF3STjcYyKr+Qhg=="],
  }
}
